version = 1
requires-python = ">=3.12"

[[package]]
name = "anyio"
version = "4.8.0"
source = { registry = "https://pypi.org/simple" }
dependencies = [
    { name = "idna" },
    { name = "sniffio" },
    { name = "typing-extensions", marker = "python_full_version < '3.13'" },
]
sdist = { url = "https://files.pythonhosted.org/packages/a3/73/199a98fc2dae33535d6b8e8e6ec01f8c1d76c9adb096c6b7d64823038cde/anyio-4.8.0.tar.gz", hash = "sha256:1d9fe889df5212298c0c0723fa20479d1b94883a2df44bd3897aa91083316f7a", size = 181126 }
wheels = [
    { url = "https://files.pythonhosted.org/packages/46/eb/e7f063ad1fec6b3178a3cd82d1a3c4de82cccf283fc42746168188e1cdd5/anyio-4.8.0-py3-none-any.whl", hash = "sha256:b5011f270ab5eb0abf13385f851315585cc37ef330dd88e27ec3d34d651fd47a", size = 96041 },
]

[[package]]
name = "attrs"
version = "24.3.0"
source = { registry = "https://pypi.org/simple" }
sdist = { url = "https://files.pythonhosted.org/packages/48/c8/6260f8ccc11f0917360fc0da435c5c9c7504e3db174d5a12a1494887b045/attrs-24.3.0.tar.gz", hash = "sha256:8f5c07333d543103541ba7be0e2ce16eeee8130cb0b3f9238ab904ce1e85baff", size = 805984 }
wheels = [
    { url = "https://files.pythonhosted.org/packages/89/aa/ab0f7891a01eeb2d2e338ae8fecbe57fcebea1a24dbb64d45801bfab481d/attrs-24.3.0-py3-none-any.whl", hash = "sha256:ac96cd038792094f438ad1f6ff80837353805ac950cd2aa0e0625ef19850c308", size = 63397 },
]

[[package]]
name = "cachetools"
version = "5.5.0"
source = { registry = "https://pypi.org/simple" }
sdist = { url = "https://files.pythonhosted.org/packages/c3/38/a0f315319737ecf45b4319a8cd1f3a908e29d9277b46942263292115eee7/cachetools-5.5.0.tar.gz", hash = "sha256:2cc24fb4cbe39633fb7badd9db9ca6295d766d9c2995f245725a46715d050f2a", size = 27661 }
wheels = [
    { url = "https://files.pythonhosted.org/packages/a4/07/14f8ad37f2d12a5ce41206c21820d8cb6561b728e51fad4530dff0552a67/cachetools-5.5.0-py3-none-any.whl", hash = "sha256:02134e8439cdc2ffb62023ce1debca2944c3f289d66bb17ead3ab3dede74b292", size = 9524 },
]

[[package]]
name = "certifi"
version = "2024.12.14"
source = { registry = "https://pypi.org/simple" }
sdist = { url = "https://files.pythonhosted.org/packages/0f/bd/1d41ee578ce09523c81a15426705dd20969f5abf006d1afe8aeff0dd776a/certifi-2024.12.14.tar.gz", hash = "sha256:b650d30f370c2b724812bee08008be0c4163b163ddaec3f2546c1caf65f191db", size = 166010 }
wheels = [
    { url = "https://files.pythonhosted.org/packages/a5/32/8f6669fc4798494966bf446c8c4a162e0b5d893dff088afddf76414f70e1/certifi-2024.12.14-py3-none-any.whl", hash = "sha256:1275f7a45be9464efc1173084eaa30f866fe2e47d389406136d332ed4967ec56", size = 164927 },
]

[[package]]
name = "charset-normalizer"
version = "3.4.1"
source = { registry = "https://pypi.org/simple" }
sdist = { url = "https://files.pythonhosted.org/packages/16/b0/572805e227f01586461c80e0fd25d65a2115599cc9dad142fee4b747c357/charset_normalizer-3.4.1.tar.gz", hash = "sha256:44251f18cd68a75b56585dd00dae26183e102cd5e0f9f1466e6df5da2ed64ea3", size = 123188 }
wheels = [
    { url = "https://files.pythonhosted.org/packages/0a/9a/dd1e1cdceb841925b7798369a09279bd1cf183cef0f9ddf15a3a6502ee45/charset_normalizer-3.4.1-cp312-cp312-macosx_10_13_universal2.whl", hash = "sha256:73d94b58ec7fecbc7366247d3b0b10a21681004153238750bb67bd9012414545", size = 196105 },
    { url = "https://files.pythonhosted.org/packages/d3/8c/90bfabf8c4809ecb648f39794cf2a84ff2e7d2a6cf159fe68d9a26160467/charset_normalizer-3.4.1-cp312-cp312-manylinux_2_17_aarch64.manylinux2014_aarch64.whl", hash = "sha256:dad3e487649f498dd991eeb901125411559b22e8d7ab25d3aeb1af367df5efd7", size = 140404 },
    { url = "https://files.pythonhosted.org/packages/ad/8f/e410d57c721945ea3b4f1a04b74f70ce8fa800d393d72899f0a40526401f/charset_normalizer-3.4.1-cp312-cp312-manylinux_2_17_ppc64le.manylinux2014_ppc64le.whl", hash = "sha256:c30197aa96e8eed02200a83fba2657b4c3acd0f0aa4bdc9f6c1af8e8962e0757", size = 150423 },
    { url = "https://files.pythonhosted.org/packages/f0/b8/e6825e25deb691ff98cf5c9072ee0605dc2acfca98af70c2d1b1bc75190d/charset_normalizer-3.4.1-cp312-cp312-manylinux_2_17_s390x.manylinux2014_s390x.whl", hash = "sha256:2369eea1ee4a7610a860d88f268eb39b95cb588acd7235e02fd5a5601773d4fa", size = 143184 },
    { url = "https://files.pythonhosted.org/packages/3e/a2/513f6cbe752421f16d969e32f3583762bfd583848b763913ddab8d9bfd4f/charset_normalizer-3.4.1-cp312-cp312-manylinux_2_17_x86_64.manylinux2014_x86_64.whl", hash = "sha256:bc2722592d8998c870fa4e290c2eec2c1569b87fe58618e67d38b4665dfa680d", size = 145268 },
    { url = "https://files.pythonhosted.org/packages/74/94/8a5277664f27c3c438546f3eb53b33f5b19568eb7424736bdc440a88a31f/charset_normalizer-3.4.1-cp312-cp312-manylinux_2_5_i686.manylinux1_i686.manylinux_2_17_i686.manylinux2014_i686.whl", hash = "sha256:ffc9202a29ab3920fa812879e95a9e78b2465fd10be7fcbd042899695d75e616", size = 147601 },
    { url = "https://files.pythonhosted.org/packages/7c/5f/6d352c51ee763623a98e31194823518e09bfa48be2a7e8383cf691bbb3d0/charset_normalizer-3.4.1-cp312-cp312-musllinux_1_2_aarch64.whl", hash = "sha256:804a4d582ba6e5b747c625bf1255e6b1507465494a40a2130978bda7b932c90b", size = 141098 },
    { url = "https://files.pythonhosted.org/packages/78/d4/f5704cb629ba5ab16d1d3d741396aec6dc3ca2b67757c45b0599bb010478/charset_normalizer-3.4.1-cp312-cp312-musllinux_1_2_i686.whl", hash = "sha256:0f55e69f030f7163dffe9fd0752b32f070566451afe180f99dbeeb81f511ad8d", size = 149520 },
    { url = "https://files.pythonhosted.org/packages/c5/96/64120b1d02b81785f222b976c0fb79a35875457fa9bb40827678e54d1bc8/charset_normalizer-3.4.1-cp312-cp312-musllinux_1_2_ppc64le.whl", hash = "sha256:c4c3e6da02df6fa1410a7680bd3f63d4f710232d3139089536310d027950696a", size = 152852 },
    { url = "https://files.pythonhosted.org/packages/84/c9/98e3732278a99f47d487fd3468bc60b882920cef29d1fa6ca460a1fdf4e6/charset_normalizer-3.4.1-cp312-cp312-musllinux_1_2_s390x.whl", hash = "sha256:5df196eb874dae23dcfb968c83d4f8fdccb333330fe1fc278ac5ceeb101003a9", size = 150488 },
    { url = "https://files.pythonhosted.org/packages/13/0e/9c8d4cb99c98c1007cc11eda969ebfe837bbbd0acdb4736d228ccaabcd22/charset_normalizer-3.4.1-cp312-cp312-musllinux_1_2_x86_64.whl", hash = "sha256:e358e64305fe12299a08e08978f51fc21fac060dcfcddd95453eabe5b93ed0e1", size = 146192 },
    { url = "https://files.pythonhosted.org/packages/b2/21/2b6b5b860781a0b49427309cb8670785aa543fb2178de875b87b9cc97746/charset_normalizer-3.4.1-cp312-cp312-win32.whl", hash = "sha256:9b23ca7ef998bc739bf6ffc077c2116917eabcc901f88da1b9856b210ef63f35", size = 95550 },
    { url = "https://files.pythonhosted.org/packages/21/5b/1b390b03b1d16c7e382b561c5329f83cc06623916aab983e8ab9239c7d5c/charset_normalizer-3.4.1-cp312-cp312-win_amd64.whl", hash = "sha256:6ff8a4a60c227ad87030d76e99cd1698345d4491638dfa6673027c48b3cd395f", size = 102785 },
    { url = "https://files.pythonhosted.org/packages/38/94/ce8e6f63d18049672c76d07d119304e1e2d7c6098f0841b51c666e9f44a0/charset_normalizer-3.4.1-cp313-cp313-macosx_10_13_universal2.whl", hash = "sha256:aabfa34badd18f1da5ec1bc2715cadc8dca465868a4e73a0173466b688f29dda", size = 195698 },
    { url = "https://files.pythonhosted.org/packages/24/2e/dfdd9770664aae179a96561cc6952ff08f9a8cd09a908f259a9dfa063568/charset_normalizer-3.4.1-cp313-cp313-manylinux_2_17_aarch64.manylinux2014_aarch64.whl", hash = "sha256:22e14b5d70560b8dd51ec22863f370d1e595ac3d024cb8ad7d308b4cd95f8313", size = 140162 },
    { url = "https://files.pythonhosted.org/packages/24/4e/f646b9093cff8fc86f2d60af2de4dc17c759de9d554f130b140ea4738ca6/charset_normalizer-3.4.1-cp313-cp313-manylinux_2_17_ppc64le.manylinux2014_ppc64le.whl", hash = "sha256:8436c508b408b82d87dc5f62496973a1805cd46727c34440b0d29d8a2f50a6c9", size = 150263 },
    { url = "https://files.pythonhosted.org/packages/5e/67/2937f8d548c3ef6e2f9aab0f6e21001056f692d43282b165e7c56023e6dd/charset_normalizer-3.4.1-cp313-cp313-manylinux_2_17_s390x.manylinux2014_s390x.whl", hash = "sha256:2d074908e1aecee37a7635990b2c6d504cd4766c7bc9fc86d63f9c09af3fa11b", size = 142966 },
    { url = "https://files.pythonhosted.org/packages/52/ed/b7f4f07de100bdb95c1756d3a4d17b90c1a3c53715c1a476f8738058e0fa/charset_normalizer-3.4.1-cp313-cp313-manylinux_2_17_x86_64.manylinux2014_x86_64.whl", hash = "sha256:955f8851919303c92343d2f66165294848d57e9bba6cf6e3625485a70a038d11", size = 144992 },
    { url = "https://files.pythonhosted.org/packages/96/2c/d49710a6dbcd3776265f4c923bb73ebe83933dfbaa841c5da850fe0fd20b/charset_normalizer-3.4.1-cp313-cp313-manylinux_2_5_i686.manylinux1_i686.manylinux_2_17_i686.manylinux2014_i686.whl", hash = "sha256:44ecbf16649486d4aebafeaa7ec4c9fed8b88101f4dd612dcaf65d5e815f837f", size = 147162 },
    { url = "https://files.pythonhosted.org/packages/b4/41/35ff1f9a6bd380303dea55e44c4933b4cc3c4850988927d4082ada230273/charset_normalizer-3.4.1-cp313-cp313-musllinux_1_2_aarch64.whl", hash = "sha256:0924e81d3d5e70f8126529951dac65c1010cdf117bb75eb02dd12339b57749dd", size = 140972 },
    { url = "https://files.pythonhosted.org/packages/fb/43/c6a0b685fe6910d08ba971f62cd9c3e862a85770395ba5d9cad4fede33ab/charset_normalizer-3.4.1-cp313-cp313-musllinux_1_2_i686.whl", hash = "sha256:2967f74ad52c3b98de4c3b32e1a44e32975e008a9cd2a8cc8966d6a5218c5cb2", size = 149095 },
    { url = "https://files.pythonhosted.org/packages/4c/ff/a9a504662452e2d2878512115638966e75633519ec11f25fca3d2049a94a/charset_normalizer-3.4.1-cp313-cp313-musllinux_1_2_ppc64le.whl", hash = "sha256:c75cb2a3e389853835e84a2d8fb2b81a10645b503eca9bcb98df6b5a43eb8886", size = 152668 },
    { url = "https://files.pythonhosted.org/packages/6c/71/189996b6d9a4b932564701628af5cee6716733e9165af1d5e1b285c530ed/charset_normalizer-3.4.1-cp313-cp313-musllinux_1_2_s390x.whl", hash = "sha256:09b26ae6b1abf0d27570633b2b078a2a20419c99d66fb2823173d73f188ce601", size = 150073 },
    { url = "https://files.pythonhosted.org/packages/e4/93/946a86ce20790e11312c87c75ba68d5f6ad2208cfb52b2d6a2c32840d922/charset_normalizer-3.4.1-cp313-cp313-musllinux_1_2_x86_64.whl", hash = "sha256:fa88b843d6e211393a37219e6a1c1df99d35e8fd90446f1118f4216e307e48cd", size = 145732 },
    { url = "https://files.pythonhosted.org/packages/cd/e5/131d2fb1b0dddafc37be4f3a2fa79aa4c037368be9423061dccadfd90091/charset_normalizer-3.4.1-cp313-cp313-win32.whl", hash = "sha256:eb8178fe3dba6450a3e024e95ac49ed3400e506fd4e9e5c32d30adda88cbd407", size = 95391 },
    { url = "https://files.pythonhosted.org/packages/27/f2/4f9a69cc7712b9b5ad8fdb87039fd89abba997ad5cbe690d1835d40405b0/charset_normalizer-3.4.1-cp313-cp313-win_amd64.whl", hash = "sha256:b1ac5992a838106edb89654e0aebfc24f5848ae2547d22c2c3f66454daa11971", size = 102702 },
    { url = "https://files.pythonhosted.org/packages/0e/f6/65ecc6878a89bb1c23a086ea335ad4bf21a588990c3f535a227b9eea9108/charset_normalizer-3.4.1-py3-none-any.whl", hash = "sha256:d98b1668f06378c6dbefec3b92299716b931cd4e6061f3c875a71ced1780ab85", size = 49767 },
]

[[package]]
name = "confluent-kafka"
version = "2.7.0"
source = { registry = "https://pypi.org/simple" }
sdist = { url = "https://files.pythonhosted.org/packages/e8/b3/a46e11f1400dc4f8a2d1502dc06270ca0520a730d7fe4469167a0f6066cc/confluent_kafka-2.7.0.tar.gz", hash = "sha256:bf2b74bb9c68901ad345440e091b9a8a4490a38db3161b87d44f476650f3c0c6", size = 205902 }
wheels = [
    { url = "https://files.pythonhosted.org/packages/f6/1b/d4d6bee7177d016f4db16b3efecad91ba563a9839ebcf82f045538328910/confluent_kafka-2.7.0-cp312-cp312-macosx_10_9_x86_64.whl", hash = "sha256:a397d9e2be15c9311ea51279785e75d9bf439bf15f3565043545440cc608ef40", size = 3506658 },
    { url = "https://files.pythonhosted.org/packages/ac/f5/63d0d9c27adfc3ec09b197e727796c34751b8a1a2dde28db68d02afc7a69/confluent_kafka-2.7.0-cp312-cp312-macosx_11_0_arm64.whl", hash = "sha256:5664d177dc7859e1a6c86f1b325adf6b87e84873ad2115ef63d2a539716dcb62", size = 3032479 },
    { url = "https://files.pythonhosted.org/packages/44/9f/0eb6b9d858a98e7f6c33212ba5be8e9207f10fa028aedc772b612c93b964/confluent_kafka-2.7.0-cp312-cp312-manylinux_2_28_aarch64.whl", hash = "sha256:e9adda0c1ad6d713bb9b4ad058d0df3a22dd919820232bb47478f11270d60341", size = 15311215 },
    { url = "https://files.pythonhosted.org/packages/ae/4d/d30778dfba78ee973c6593cb2dfb00450f88fe070acddf8fe45d9ac9a69c/confluent_kafka-2.7.0-cp312-cp312-manylinux_2_28_x86_64.whl", hash = "sha256:0a51c6509cc7f494cd181a534bc9f346cff0df02b56c4ca69b0f9c621dc75186", size = 4021550 },
    { url = "https://files.pythonhosted.org/packages/ba/c2/e3191bcdd89d0e613cd0fd7f0313f9825ffc36dd9aa451f2a9bc22d06f70/confluent_kafka-2.7.0-cp312-cp312-win_amd64.whl", hash = "sha256:dc8cfb93768a6e0de5c15f25a76a9e753400839a334da30572a275cf89393ead", size = 3954461 },
    { url = "https://files.pythonhosted.org/packages/49/11/963d66e8424bce32aa6bbb140086077210dbef7902fb4f033a56bb92e26f/confluent_kafka-2.7.0-cp313-cp313-macosx_13_0_arm64.whl", hash = "sha256:b907b98daba9b5710a8b20e486d5da38c15d73aaa6475f19ddc51f6307d0747b", size = 3036008 },
    { url = "https://files.pythonhosted.org/packages/0b/3b/818d7e5f819a534a8065ded3485e511c95566dd76fe8cf261201b061b867/confluent_kafka-2.7.0-cp313-cp313-macosx_13_0_x86_64.whl", hash = "sha256:33606ec063407fad33e04eae8bf066fbe6ced2130c4d58b0a9d244c7fb347332", size = 3509122 },
    { url = "https://files.pythonhosted.org/packages/15/93/4abec01bd4c10cc76370283f4864984953a933b1662015768f7470605fb3/confluent_kafka-2.7.0-cp313-cp313-manylinux_2_28_aarch64.whl", hash = "sha256:9c3afbec1845d95ccd0cd5e5b986f68d8107b45425e10f1fedeffa908c498f64", size = 15310737 },
    { url = "https://files.pythonhosted.org/packages/0b/f6/9ce815410402bb6ef22a9fe3fc3fae9108da76754a92e6d635deaa697541/confluent_kafka-2.7.0-cp313-cp313-manylinux_2_28_x86_64.whl", hash = "sha256:81a985d1ba1d0e66e99cb4bca7bfe302f3bbf06dd6e20be07dfe9661a1eedae3", size = 4021301 },
    { url = "https://files.pythonhosted.org/packages/8d/15/53754e9348fef075a9bcd3a84b3405e8c20f1d111930e644be4fd3d39a16/confluent_kafka-2.7.0-cp313-cp313-win_amd64.whl", hash = "sha256:d1cb3d365bb4fdb063654625cd1a1f64a2c1f1b3f324510ea3e008710ef76093", size = 4014154 },
]

[[package]]
name = "fastavro"
version = "1.10.0"
source = { registry = "https://pypi.org/simple" }
sdist = { url = "https://files.pythonhosted.org/packages/f3/67/7121d2221e998706cac00fa779ec44c1c943cb65e8a7ed1bd57d78d93f2c/fastavro-1.10.0.tar.gz", hash = "sha256:47bf41ac6d52cdfe4a3da88c75a802321321b37b663a900d12765101a5d6886f", size = 987970 }
wheels = [
    { url = "https://files.pythonhosted.org/packages/9c/a4/8e69c0a5cd121e5d476237de1bde5a7947f791ae45768ae52ed0d3ea8d18/fastavro-1.10.0-cp312-cp312-macosx_10_13_universal2.whl", hash = "sha256:cfe57cb0d72f304bd0dcc5a3208ca6a7363a9ae76f3073307d095c9d053b29d4", size = 1036343 },
    { url = "https://files.pythonhosted.org/packages/1e/01/aa219e2b33e5873d27b867ec0fad9f35f23d461114e1135a7e46c06786d2/fastavro-1.10.0-cp312-cp312-manylinux_2_17_aarch64.manylinux2014_aarch64.whl", hash = "sha256:74e517440c824cb65fb29d3e3903a9406f4d7c75490cef47e55c4c82cdc66270", size = 3263368 },
    { url = "https://files.pythonhosted.org/packages/a7/ba/1766e2d7d95df2e95e9e9a089dc7a537c0616720b053a111a918fa7ee6b6/fastavro-1.10.0-cp312-cp312-manylinux_2_17_x86_64.manylinux2014_x86_64.whl", hash = "sha256:203c17d44cadde76e8eecb30f2d1b4f33eb478877552d71f049265dc6f2ecd10", size = 3328933 },
    { url = "https://files.pythonhosted.org/packages/2e/40/26e56696b9696ab4fbba25a96b8037ca3f9fd8a8cc55b4b36400ef023e49/fastavro-1.10.0-cp312-cp312-musllinux_1_2_aarch64.whl", hash = "sha256:6575be7f2b5f94023b5a4e766b0251924945ad55e9a96672dc523656d17fe251", size = 3258045 },
    { url = "https://files.pythonhosted.org/packages/4e/bc/2f6c92c06c5363372abe828bccdd95762f2c1983b261509f94189c38c8a1/fastavro-1.10.0-cp312-cp312-musllinux_1_2_x86_64.whl", hash = "sha256:fe471deb675ed2f01ee2aac958fbf8ebb13ea00fa4ce7f87e57710a0bc592208", size = 3418001 },
    { url = "https://files.pythonhosted.org/packages/0c/ce/cfd16546c04ebbca1be80873b533c788cec76f7bfac231bfac6786047572/fastavro-1.10.0-cp312-cp312-win_amd64.whl", hash = "sha256:567ff515f2a5d26d9674b31c95477f3e6022ec206124c62169bc2ffaf0889089", size = 487855 },
    { url = "https://files.pythonhosted.org/packages/c9/c4/163cf154cc694c2dccc70cd6796db6214ac668a1260bf0310401dad188dc/fastavro-1.10.0-cp313-cp313-macosx_10_13_universal2.whl", hash = "sha256:82263af0adfddb39c85f9517d736e1e940fe506dfcc35bc9ab9f85e0fa9236d8", size = 1022741 },
    { url = "https://files.pythonhosted.org/packages/38/01/a24598f5f31b8582a92fe9c41bf91caeed50d5b5eaa7576e6f8b23cb488d/fastavro-1.10.0-cp313-cp313-manylinux_2_17_aarch64.manylinux2014_aarch64.whl", hash = "sha256:566c193109ff0ff84f1072a165b7106c4f96050078a4e6ac7391f81ca1ef3efa", size = 3237421 },
    { url = "https://files.pythonhosted.org/packages/a7/bf/08bcf65cfb7feb0e5b1329fafeb4a9b95b7b5ec723ba58c7dbd0d04ded34/fastavro-1.10.0-cp313-cp313-manylinux_2_17_x86_64.manylinux2014_x86_64.whl", hash = "sha256:e400d2e55d068404d9fea7c5021f8b999c6f9d9afa1d1f3652ec92c105ffcbdd", size = 3300222 },
    { url = "https://files.pythonhosted.org/packages/53/4d/a6c25f3166328f8306ec2e6be1123ed78a55b8ab774a43a661124508881f/fastavro-1.10.0-cp313-cp313-musllinux_1_2_aarch64.whl", hash = "sha256:9b8227497f71565270f9249fc9af32a93644ca683a0167cfe66d203845c3a038", size = 3233276 },
    { url = "https://files.pythonhosted.org/packages/47/1c/b2b2ce2bf866a248ae23e96a87b3b8369427ff79be9112073039bee1d245/fastavro-1.10.0-cp313-cp313-musllinux_1_2_x86_64.whl", hash = "sha256:8e62d04c65461b30ac6d314e4197ad666371e97ae8cb2c16f971d802f6c7f514", size = 3388936 },
    { url = "https://files.pythonhosted.org/packages/1f/2c/43927e22a2d57587b3aa09765098a6d833246b672d34c10c5f135414745a/fastavro-1.10.0-cp313-cp313-win_amd64.whl", hash = "sha256:86baf8c9740ab570d0d4d18517da71626fe9be4d1142bea684db52bd5adb078f", size = 483967 },
]

[[package]]
name = "h11"
version = "0.14.0"
source = { registry = "https://pypi.org/simple" }
sdist = { url = "https://files.pythonhosted.org/packages/f5/38/3af3d3633a34a3316095b39c8e8fb4853a28a536e55d347bd8d8e9a14b03/h11-0.14.0.tar.gz", hash = "sha256:8f19fbbe99e72420ff35c00b27a34cb9937e902a8b810e2c88300c6f0a3b699d", size = 100418 }
wheels = [
    { url = "https://files.pythonhosted.org/packages/95/04/ff642e65ad6b90db43e668d70ffb6736436c7ce41fcc549f4e9472234127/h11-0.14.0-py3-none-any.whl", hash = "sha256:e3fe4ac4b851c468cc8363d500db52c2ead036020723024a109d37346efaa761", size = 58259 },
]

[[package]]
name = "httpcore"
version = "1.0.7"
source = { registry = "https://pypi.org/simple" }
dependencies = [
    { name = "certifi" },
    { name = "h11" },
]
sdist = { url = "https://files.pythonhosted.org/packages/6a/41/d7d0a89eb493922c37d343b607bc1b5da7f5be7e383740b4753ad8943e90/httpcore-1.0.7.tar.gz", hash = "sha256:8551cb62a169ec7162ac7be8d4817d561f60e08eaa485234898414bb5a8a0b4c", size = 85196 }
wheels = [
    { url = "https://files.pythonhosted.org/packages/87/f5/72347bc88306acb359581ac4d52f23c0ef445b57157adedb9aee0cd689d2/httpcore-1.0.7-py3-none-any.whl", hash = "sha256:a3fff8f43dc260d5bd363d9f9cf1830fa3a458b332856f34282de498ed420edd", size = 78551 },
]

[[package]]
name = "httpx"
version = "0.28.1"
source = { registry = "https://pypi.org/simple" }
dependencies = [
    { name = "anyio" },
    { name = "certifi" },
    { name = "httpcore" },
    { name = "idna" },
]
sdist = { url = "https://files.pythonhosted.org/packages/b1/df/48c586a5fe32a0f01324ee087459e112ebb7224f646c0b5023f5e79e9956/httpx-0.28.1.tar.gz", hash = "sha256:75e98c5f16b0f35b567856f597f06ff2270a374470a5c2392242528e3e3e42fc", size = 141406 }
wheels = [
    { url = "https://files.pythonhosted.org/packages/2a/39/e50c7c3a983047577ee07d2a9e53faf5a69493943ec3f6a384bdc792deb2/httpx-0.28.1-py3-none-any.whl", hash = "sha256:d909fcccc110f8c7faf814ca82a9a4d816bc5a6dbfea25d6591d6985b8ba59ad", size = 73517 },
]

[[package]]
name = "idna"
version = "3.10"
source = { registry = "https://pypi.org/simple" }
sdist = { url = "https://files.pythonhosted.org/packages/f1/70/7703c29685631f5a7590aa73f1f1d3fa9a380e654b86af429e0934a32f7d/idna-3.10.tar.gz", hash = "sha256:12f65c9b470abda6dc35cf8e63cc574b1c52b11df2c86030af0ac09b01b13ea9", size = 190490 }
wheels = [
    { url = "https://files.pythonhosted.org/packages/76/c6/c88e154df9c4e1a2a66ccf0005a88dfb2650c1dffb6f5ce603dfbd452ce3/idna-3.10-py3-none-any.whl", hash = "sha256:946d195a0d259cbba61165e88e65941f16e9b36ea6ddb97f00452bae8b1287d3", size = 70442 },
]

[[package]]
name = "jsonschema"
version = "4.23.0"
source = { registry = "https://pypi.org/simple" }
dependencies = [
    { name = "attrs" },
    { name = "jsonschema-specifications" },
    { name = "referencing" },
    { name = "rpds-py" },
]
sdist = { url = "https://files.pythonhosted.org/packages/38/2e/03362ee4034a4c917f697890ccd4aec0800ccf9ded7f511971c75451deec/jsonschema-4.23.0.tar.gz", hash = "sha256:d71497fef26351a33265337fa77ffeb82423f3ea21283cd9467bb03999266bc4", size = 325778 }
wheels = [
    { url = "https://files.pythonhosted.org/packages/69/4a/4f9dbeb84e8850557c02365a0eee0649abe5eb1d84af92a25731c6c0f922/jsonschema-4.23.0-py3-none-any.whl", hash = "sha256:fbadb6f8b144a8f8cf9f0b89ba94501d143e50411a1278633f56a7acf7fd5566", size = 88462 },
]

[[package]]
name = "jsonschema-specifications"
version = "2024.10.1"
source = { registry = "https://pypi.org/simple" }
dependencies = [
    { name = "referencing" },
]
sdist = { url = "https://files.pythonhosted.org/packages/10/db/58f950c996c793472e336ff3655b13fbcf1e3b359dcf52dcf3ed3b52c352/jsonschema_specifications-2024.10.1.tar.gz", hash = "sha256:0f38b83639958ce1152d02a7f062902c41c8fd20d558b0c34344292d417ae272", size = 15561 }
wheels = [
    { url = "https://files.pythonhosted.org/packages/d1/0f/8910b19ac0670a0f80ce1008e5e751c4a57e14d2c4c13a482aa6079fa9d6/jsonschema_specifications-2024.10.1-py3-none-any.whl", hash = "sha256:a09a0680616357d9a0ecf05c12ad234479f549239d0f5b55f3deea67475da9bf", size = 18459 },
]

[[package]]
name = "kafka"
version = "0.1.0"
source = { virtual = "." }
dependencies = [
    { name = "attrs" },
    { name = "cachetools" },
    { name = "confluent-kafka" },
    { name = "fastavro" },
    { name = "httpx" },
    { name = "jsonschema" },
    { name = "referencing" },
    { name = "requests" },
]

[package.metadata]
requires-dist = [
    { name = "attrs", specifier = ">=24.3.0" },
    { name = "cachetools", specifier = ">=5.5.0" },
    { name = "confluent-kafka", specifier = ">=2.7.0" },
    { name = "fastavro", specifier = ">=1.10.0" },
    { name = "httpx", specifier = ">=0.28.1" },
    { name = "jsonschema", specifier = ">=4.23.0" },
    { name = "referencing", specifier = ">=0.35.1" },
    { name = "requests", specifier = ">=2.32.3" },
]

[[package]]
name = "referencing"
version = "0.35.1"
source = { registry = "https://pypi.org/simple" }
dependencies = [
    { name = "attrs" },
    { name = "rpds-py" },
]
sdist = { url = "https://files.pythonhosted.org/packages/99/5b/73ca1f8e72fff6fa52119dbd185f73a907b1989428917b24cff660129b6d/referencing-0.35.1.tar.gz", hash = "sha256:25b42124a6c8b632a425174f24087783efb348a6f1e0008e63cd4466fedf703c", size = 62991 }
wheels = [
    { url = "https://files.pythonhosted.org/packages/b7/59/2056f61236782a2c86b33906c025d4f4a0b17be0161b63b70fd9e8775d36/referencing-0.35.1-py3-none-any.whl", hash = "sha256:eda6d3234d62814d1c64e305c1331c9a3a6132da475ab6382eaa997b21ee75de", size = 26684 },
]

[[package]]
name = "requests"
version = "2.32.3"
source = { registry = "https://pypi.org/simple" }
dependencies = [
    { name = "certifi" },
    { name = "charset-normalizer" },
    { name = "idna" },
    { name = "urllib3" },
]
sdist = { url = "https://files.pythonhosted.org/packages/63/70/2bf7780ad2d390a8d301ad0b550f1581eadbd9a20f896afe06353c2a2913/requests-2.32.3.tar.gz", hash = "sha256:55365417734eb18255590a9ff9eb97e9e1da868d4ccd6402399eaf68af20a760", size = 131218 }
wheels = [
    { url = "https://files.pythonhosted.org/packages/f9/9b/335f9764261e915ed497fcdeb11df5dfd6f7bf257d4a6a2a686d80da4d54/requests-2.32.3-py3-none-any.whl", hash = "sha256:70761cfe03c773ceb22aa2f671b4757976145175cdfca038c02654d061d6dcc6", size = 64928 },
]

[[package]]
name = "rpds-py"
version = "0.22.3"
source = { registry = "https://pypi.org/simple" }
sdist = { url = "https://files.pythonhosted.org/packages/01/80/cce854d0921ff2f0a9fa831ba3ad3c65cee3a46711addf39a2af52df2cfd/rpds_py-0.22.3.tar.gz", hash = "sha256:e32fee8ab45d3c2db6da19a5323bc3362237c8b653c70194414b892fd06a080d", size = 26771 }
wheels = [
    { url = "https://files.pythonhosted.org/packages/75/47/3383ee3bd787a2a5e65a9b9edc37ccf8505c0a00170e3a5e6ea5fbcd97f7/rpds_py-0.22.3-cp312-cp312-macosx_10_12_x86_64.whl", hash = "sha256:27e98004595899949bd7a7b34e91fa7c44d7a97c40fcaf1d874168bb652ec67e", size = 352334 },
    { url = "https://files.pythonhosted.org/packages/40/14/aa6400fa8158b90a5a250a77f2077c0d0cd8a76fce31d9f2b289f04c6dec/rpds_py-0.22.3-cp312-cp312-macosx_11_0_arm64.whl", hash = "sha256:1978d0021e943aae58b9b0b196fb4895a25cc53d3956b8e35e0b7682eefb6d56", size = 342111 },
    { url = "https://files.pythonhosted.org/packages/7d/06/395a13bfaa8a28b302fb433fb285a67ce0ea2004959a027aea8f9c52bad4/rpds_py-0.22.3-cp312-cp312-manylinux_2_17_aarch64.manylinux2014_aarch64.whl", hash = "sha256:655ca44a831ecb238d124e0402d98f6212ac527a0ba6c55ca26f616604e60a45", size = 384286 },
    { url = "https://files.pythonhosted.org/packages/43/52/d8eeaffab047e6b7b7ef7f00d5ead074a07973968ffa2d5820fa131d7852/rpds_py-0.22.3-cp312-cp312-manylinux_2_17_armv7l.manylinux2014_armv7l.whl", hash = "sha256:feea821ee2a9273771bae61194004ee2fc33f8ec7db08117ef9147d4bbcbca8e", size = 391739 },
    { url = "https://files.pythonhosted.org/packages/83/31/52dc4bde85c60b63719610ed6f6d61877effdb5113a72007679b786377b8/rpds_py-0.22.3-cp312-cp312-manylinux_2_17_ppc64le.manylinux2014_ppc64le.whl", hash = "sha256:22bebe05a9ffc70ebfa127efbc429bc26ec9e9b4ee4d15a740033efda515cf3d", size = 427306 },
    { url = "https://files.pythonhosted.org/packages/70/d5/1bab8e389c2261dba1764e9e793ed6830a63f830fdbec581a242c7c46bda/rpds_py-0.22.3-cp312-cp312-manylinux_2_17_s390x.manylinux2014_s390x.whl", hash = "sha256:3af6e48651c4e0d2d166dc1b033b7042ea3f871504b6805ba5f4fe31581d8d38", size = 442717 },
    { url = "https://files.pythonhosted.org/packages/82/a1/a45f3e30835b553379b3a56ea6c4eb622cf11e72008229af840e4596a8ea/rpds_py-0.22.3-cp312-cp312-manylinux_2_17_x86_64.manylinux2014_x86_64.whl", hash = "sha256:e67ba3c290821343c192f7eae1d8fd5999ca2dc99994114643e2f2d3e6138b15", size = 385721 },
    { url = "https://files.pythonhosted.org/packages/a6/27/780c942de3120bdd4d0e69583f9c96e179dfff082f6ecbb46b8d6488841f/rpds_py-0.22.3-cp312-cp312-manylinux_2_5_i686.manylinux1_i686.whl", hash = "sha256:02fbb9c288ae08bcb34fb41d516d5eeb0455ac35b5512d03181d755d80810059", size = 415824 },
    { url = "https://files.pythonhosted.org/packages/94/0b/aa0542ca88ad20ea719b06520f925bae348ea5c1fdf201b7e7202d20871d/rpds_py-0.22.3-cp312-cp312-musllinux_1_2_aarch64.whl", hash = "sha256:f56a6b404f74ab372da986d240e2e002769a7d7102cc73eb238a4f72eec5284e", size = 561227 },
    { url = "https://files.pythonhosted.org/packages/0d/92/3ed77d215f82c8f844d7f98929d56cc321bb0bcfaf8f166559b8ec56e5f1/rpds_py-0.22.3-cp312-cp312-musllinux_1_2_i686.whl", hash = "sha256:0a0461200769ab3b9ab7e513f6013b7a97fdeee41c29b9db343f3c5a8e2b9e61", size = 587424 },
    { url = "https://files.pythonhosted.org/packages/09/42/cacaeb047a22cab6241f107644f230e2935d4efecf6488859a7dd82fc47d/rpds_py-0.22.3-cp312-cp312-musllinux_1_2_x86_64.whl", hash = "sha256:8633e471c6207a039eff6aa116e35f69f3156b3989ea3e2d755f7bc41754a4a7", size = 555953 },
    { url = "https://files.pythonhosted.org/packages/e6/52/c921dc6d5f5d45b212a456c1f5b17df1a471127e8037eb0972379e39dff4/rpds_py-0.22.3-cp312-cp312-win32.whl", hash = "sha256:593eba61ba0c3baae5bc9be2f5232430453fb4432048de28399ca7376de9c627", size = 221339 },
    { url = "https://files.pythonhosted.org/packages/f2/c7/f82b5be1e8456600395366f86104d1bd8d0faed3802ad511ef6d60c30d98/rpds_py-0.22.3-cp312-cp312-win_amd64.whl", hash = "sha256:d115bffdd417c6d806ea9069237a4ae02f513b778e3789a359bc5856e0404cc4", size = 235786 },
    { url = "https://files.pythonhosted.org/packages/d0/bf/36d5cc1f2c609ae6e8bf0fc35949355ca9d8790eceb66e6385680c951e60/rpds_py-0.22.3-cp313-cp313-macosx_10_12_x86_64.whl", hash = "sha256:ea7433ce7e4bfc3a85654aeb6747babe3f66eaf9a1d0c1e7a4435bbdf27fea84", size = 351657 },
    { url = "https://files.pythonhosted.org/packages/24/2a/f1e0fa124e300c26ea9382e59b2d582cba71cedd340f32d1447f4f29fa4e/rpds_py-0.22.3-cp313-cp313-macosx_11_0_arm64.whl", hash = "sha256:6dd9412824c4ce1aca56c47b0991e65bebb7ac3f4edccfd3f156150c96a7bf25", size = 341829 },
    { url = "https://files.pythonhosted.org/packages/cf/c2/0da1231dd16953845bed60d1a586fcd6b15ceaeb965f4d35cdc71f70f606/rpds_py-0.22.3-cp313-cp313-manylinux_2_17_aarch64.manylinux2014_aarch64.whl", hash = "sha256:20070c65396f7373f5df4005862fa162db5d25d56150bddd0b3e8214e8ef45b4", size = 384220 },
    { url = "https://files.pythonhosted.org/packages/c7/73/a4407f4e3a00a9d4b68c532bf2d873d6b562854a8eaff8faa6133b3588ec/rpds_py-0.22.3-cp313-cp313-manylinux_2_17_armv7l.manylinux2014_armv7l.whl", hash = "sha256:0b09865a9abc0ddff4e50b5ef65467cd94176bf1e0004184eb915cbc10fc05c5", size = 391009 },
    { url = "https://files.pythonhosted.org/packages/a9/c3/04b7353477ab360fe2563f5f0b176d2105982f97cd9ae80a9c5a18f1ae0f/rpds_py-0.22.3-cp313-cp313-manylinux_2_17_ppc64le.manylinux2014_ppc64le.whl", hash = "sha256:3453e8d41fe5f17d1f8e9c383a7473cd46a63661628ec58e07777c2fff7196dc", size = 426989 },
    { url = "https://files.pythonhosted.org/packages/8d/e6/e4b85b722bcf11398e17d59c0f6049d19cd606d35363221951e6d625fcb0/rpds_py-0.22.3-cp313-cp313-manylinux_2_17_s390x.manylinux2014_s390x.whl", hash = "sha256:f5d36399a1b96e1a5fdc91e0522544580dbebeb1f77f27b2b0ab25559e103b8b", size = 441544 },
    { url = "https://files.pythonhosted.org/packages/27/fc/403e65e56f65fff25f2973216974976d3f0a5c3f30e53758589b6dc9b79b/rpds_py-0.22.3-cp313-cp313-manylinux_2_17_x86_64.manylinux2014_x86_64.whl", hash = "sha256:009de23c9c9ee54bf11303a966edf4d9087cd43a6003672e6aa7def643d06518", size = 385179 },
    { url = "https://files.pythonhosted.org/packages/57/9b/2be9ff9700d664d51fd96b33d6595791c496d2778cb0b2a634f048437a55/rpds_py-0.22.3-cp313-cp313-manylinux_2_5_i686.manylinux1_i686.whl", hash = "sha256:1aef18820ef3e4587ebe8b3bc9ba6e55892a6d7b93bac6d29d9f631a3b4befbd", size = 415103 },
    { url = "https://files.pythonhosted.org/packages/bb/a5/03c2ad8ca10994fcf22dd2150dd1d653bc974fa82d9a590494c84c10c641/rpds_py-0.22.3-cp313-cp313-musllinux_1_2_aarch64.whl", hash = "sha256:f60bd8423be1d9d833f230fdbccf8f57af322d96bcad6599e5a771b151398eb2", size = 560916 },
    { url = "https://files.pythonhosted.org/packages/ba/2e/be4fdfc8b5b576e588782b56978c5b702c5a2307024120d8aeec1ab818f0/rpds_py-0.22.3-cp313-cp313-musllinux_1_2_i686.whl", hash = "sha256:62d9cfcf4948683a18a9aff0ab7e1474d407b7bab2ca03116109f8464698ab16", size = 587062 },
    { url = "https://files.pythonhosted.org/packages/67/e0/2034c221937709bf9c542603d25ad43a68b4b0a9a0c0b06a742f2756eb66/rpds_py-0.22.3-cp313-cp313-musllinux_1_2_x86_64.whl", hash = "sha256:9253fc214112405f0afa7db88739294295f0e08466987f1d70e29930262b4c8f", size = 555734 },
    { url = "https://files.pythonhosted.org/packages/ea/ce/240bae07b5401a22482b58e18cfbabaa392409b2797da60223cca10d7367/rpds_py-0.22.3-cp313-cp313-win32.whl", hash = "sha256:fb0ba113b4983beac1a2eb16faffd76cb41e176bf58c4afe3e14b9c681f702de", size = 220663 },
    { url = "https://files.pythonhosted.org/packages/cb/f0/d330d08f51126330467edae2fa4efa5cec8923c87551a79299380fdea30d/rpds_py-0.22.3-cp313-cp313-win_amd64.whl", hash = "sha256:c58e2339def52ef6b71b8f36d13c3688ea23fa093353f3a4fee2556e62086ec9", size = 235503 },
    { url = "https://files.pythonhosted.org/packages/f7/c4/dbe1cc03df013bf2feb5ad00615038050e7859f381e96fb5b7b4572cd814/rpds_py-0.22.3-cp313-cp313t-macosx_10_12_x86_64.whl", hash = "sha256:f82a116a1d03628a8ace4859556fb39fd1424c933341a08ea3ed6de1edb0283b", size = 347698 },
    { url = "https://files.pythonhosted.org/packages/a4/3a/684f66dd6b0f37499cad24cd1c0e523541fd768576fa5ce2d0a8799c3cba/rpds_py-0.22.3-cp313-cp313t-macosx_11_0_arm64.whl", hash = "sha256:3dfcbc95bd7992b16f3f7ba05af8a64ca694331bd24f9157b49dadeeb287493b", size = 337330 },
    { url = "https://files.pythonhosted.org/packages/82/eb/e022c08c2ce2e8f7683baa313476492c0e2c1ca97227fe8a75d9f0181e95/rpds_py-0.22.3-cp313-cp313t-manylinux_2_17_aarch64.manylinux2014_aarch64.whl", hash = "sha256:59259dc58e57b10e7e18ce02c311804c10c5a793e6568f8af4dead03264584d1", size = 380022 },
    { url = "https://files.pythonhosted.org/packages/e4/21/5a80e653e4c86aeb28eb4fea4add1f72e1787a3299687a9187105c3ee966/rpds_py-0.22.3-cp313-cp313t-manylinux_2_17_armv7l.manylinux2014_armv7l.whl", hash = "sha256:5725dd9cc02068996d4438d397e255dcb1df776b7ceea3b9cb972bdb11260a83", size = 390754 },
    { url = "https://files.pythonhosted.org/packages/37/a4/d320a04ae90f72d080b3d74597074e62be0a8ecad7d7321312dfe2dc5a6a/rpds_py-0.22.3-cp313-cp313t-manylinux_2_17_ppc64le.manylinux2014_ppc64le.whl", hash = "sha256:99b37292234e61325e7a5bb9689e55e48c3f5f603af88b1642666277a81f1fbd", size = 423840 },
    { url = "https://files.pythonhosted.org/packages/87/70/674dc47d93db30a6624279284e5631be4c3a12a0340e8e4f349153546728/rpds_py-0.22.3-cp313-cp313t-manylinux_2_17_s390x.manylinux2014_s390x.whl", hash = "sha256:27b1d3b3915a99208fee9ab092b8184c420f2905b7d7feb4aeb5e4a9c509b8a1", size = 438970 },
    { url = "https://files.pythonhosted.org/packages/3f/64/9500f4d66601d55cadd21e90784cfd5d5f4560e129d72e4339823129171c/rpds_py-0.22.3-cp313-cp313t-manylinux_2_17_x86_64.manylinux2014_x86_64.whl", hash = "sha256:f612463ac081803f243ff13cccc648578e2279295048f2a8d5eb430af2bae6e3", size = 383146 },
    { url = "https://files.pythonhosted.org/packages/4d/45/630327addb1d17173adcf4af01336fd0ee030c04798027dfcb50106001e0/rpds_py-0.22.3-cp313-cp313t-manylinux_2_5_i686.manylinux1_i686.whl", hash = "sha256:f73d3fef726b3243a811121de45193c0ca75f6407fe66f3f4e183c983573e130", size = 408294 },
    { url = "https://files.pythonhosted.org/packages/5f/ef/8efb3373cee54ea9d9980b772e5690a0c9e9214045a4e7fa35046e399fee/rpds_py-0.22.3-cp313-cp313t-musllinux_1_2_aarch64.whl", hash = "sha256:3f21f0495edea7fdbaaa87e633a8689cd285f8f4af5c869f27bc8074638ad69c", size = 556345 },
    { url = "https://files.pythonhosted.org/packages/54/01/151d3b9ef4925fc8f15bfb131086c12ec3c3d6dd4a4f7589c335bf8e85ba/rpds_py-0.22.3-cp313-cp313t-musllinux_1_2_i686.whl", hash = "sha256:1e9663daaf7a63ceccbbb8e3808fe90415b0757e2abddbfc2e06c857bf8c5e2b", size = 582292 },
    { url = "https://files.pythonhosted.org/packages/30/89/35fc7a6cdf3477d441c7aca5e9bbf5a14e0f25152aed7f63f4e0b141045d/rpds_py-0.22.3-cp313-cp313t-musllinux_1_2_x86_64.whl", hash = "sha256:a76e42402542b1fae59798fab64432b2d015ab9d0c8c47ba7addddbaf7952333", size = 553855 },
    { url = "https://files.pythonhosted.org/packages/8f/e0/830c02b2457c4bd20a8c5bb394d31d81f57fbefce2dbdd2e31feff4f7003/rpds_py-0.22.3-cp313-cp313t-win32.whl", hash = "sha256:69803198097467ee7282750acb507fba35ca22cc3b85f16cf45fb01cb9097730", size = 219100 },
    { url = "https://files.pythonhosted.org/packages/f8/30/7ac943f69855c2db77407ae363484b915d861702dbba1aa82d68d57f42be/rpds_py-0.22.3-cp313-cp313t-win_amd64.whl", hash = "sha256:f5cf2a0c2bdadf3791b5c205d55a37a54025c6e18a71c71f82bb536cf9a454bf", size = 233794 },
]

[[package]]
name = "sniffio"
version = "1.3.1"
source = { registry = "https://pypi.org/simple" }
sdist = { url = "https://files.pythonhosted.org/packages/a2/87/a6771e1546d97e7e041b6ae58d80074f81b7d5121207425c964ddf5cfdbd/sniffio-1.3.1.tar.gz", hash = "sha256:f4324edc670a0f49750a81b895f35c3adb843cca46f0530f79fc1babb23789dc", size = 20372 }
wheels = [
    { url = "https://files.pythonhosted.org/packages/e9/44/75a9c9421471a6c4805dbf2356f7c181a29c1879239abab1ea2cc8f38b40/sniffio-1.3.1-py3-none-any.whl", hash = "sha256:2f6da418d1f1e0fddd844478f41680e794e6051915791a034ff65e5f100525a2", size = 10235 },
]

[[package]]
name = "typing-extensions"
version = "4.12.2"
source = { registry = "https://pypi.org/simple" }
sdist = { url = "https://files.pythonhosted.org/packages/df/db/f35a00659bc03fec321ba8bce9420de607a1d37f8342eee1863174c69557/typing_extensions-4.12.2.tar.gz", hash = "sha256:1a7ead55c7e559dd4dee8856e3a88b41225abfe1ce8df57b7c13915fe121ffb8", size = 85321 }
wheels = [
    { url = "https://files.pythonhosted.org/packages/26/9f/ad63fc0248c5379346306f8668cda6e2e2e9c95e01216d2b8ffd9ff037d0/typing_extensions-4.12.2-py3-none-any.whl", hash = "sha256:04e5ca0351e0f3f85c6853954072df659d0d13fac324d0072316b67d7794700d", size = 37438 },
]

[[package]]
name = "urllib3"
version = "2.3.0"
source = { registry = "https://pypi.org/simple" }
sdist = { url = "https://files.pythonhosted.org/packages/aa/63/e53da845320b757bf29ef6a9062f5c669fe997973f966045cb019c3f4b66/urllib3-2.3.0.tar.gz", hash = "sha256:f8c5449b3cf0861679ce7e0503c7b44b5ec981bec0d1d3795a07f1ba96f0204d", size = 307268 }
wheels = [
    { url = "https://files.pythonhosted.org/packages/c8/19/4ec628951a74043532ca2cf5d97b7b14863931476d117c471e8e2b1eb39f/urllib3-2.3.0-py3-none-any.whl", hash = "sha256:1cee9ad369867bfdbbb48b7dd50374c0967a0bb7710050facf0dd6911440e3df", size = 128369 },
]
